{
  "requires": true,
  "lockfileVersion": 1,
  "dependencies": {
    "bpmn-js": {
      "version": "10.2.0",
      "resolved": "https://registry.npmmirror.com/bpmn-js/-/bpmn-js-10.2.0.tgz",
      "integrity": "sha512-zSotDEymCAl87Rvt+DbXE8jrhvrxXzhuSHejqYZT6zFqfOvZGFydZ/QWVMtq6n+iPh6iJ/lDDMQC0NDbAEa5Ow==",
      "requires": {
        "bpmn-moddle": "^8.0.0",
        "css.escape": "^1.5.1",
        "diagram-js": "^9.1.0",
        "diagram-js-direct-editing": "^2.0.0",
        "ids": "^1.0.0",
        "inherits-browser": "^0.1.0",
        "min-dash": "^4.0.0",
        "min-dom": "^4.0.2",
        "object-refs": "^0.3.0",
        "tiny-svg": "^3.0.0"
      }
    },
    "bpmn-moddle": {
      "version": "8.0.0",
      "resolved": "https://registry.npmmirror.com/bpmn-moddle/-/bpmn-moddle-8.0.0.tgz",
      "integrity": "sha512-mHmtIVzUyZcPMKKl/REq151gYxEtZxvivKnIEp/RtuRm8SOgxAK58uYBkP+jQQBy6XudwObRTH0pwyeKLALWrA==",
      "requires": {
        "min-dash": "^4.0.0",
        "moddle": "^6.0.0",
        "moddle-xml": "^10.0.0"
      }
    },
    "component-event": {
      "version": "0.1.4",
      "resolved": "https://registry.npmmirror.com/component-event/-/component-event-0.1.4.tgz",
      "integrity": "sha512-GMwOG8MnUHP1l8DZx1ztFO0SJTFnIzZnBDkXAj8RM2ntV2A6ALlDxgbMY1Fvxlg6WPQ+5IM/a6vg4PEYbjg/Rw=="
    },
    "css.escape": {
      "version": "1.5.1",
      "resolved": "https://registry.npmmirror.com/css.escape/-/css.escape-1.5.1.tgz",
      "integrity": "sha512-YUifsXXuknHlUsmlgyY0PKzgPOr7/FjCePfHNt0jxm83wHZi44VDMQ7/fGNkjY3/jV1MC+1CmZbaHzugyeRtpg=="
    },
    "diagram-js": {
      "version": "9.1.0",
      "resolved": "https://registry.npmmirror.com/diagram-js/-/diagram-js-9.1.0.tgz",
      "integrity": "sha512-Kh74c7iKczxrDmnnRn3Fay8+1AnOIEm22A7yxPP/1jyfGiGM1Thxp08niKru60HSpFyOguhYu4jgqOSM9fJzdw==",
      "requires": {
        "css.escape": "^1.5.1",
        "didi": "^9.0.0",
        "hammerjs": "^2.0.1",
        "inherits-browser": "^0.1.0",
        "min-dash": "^4.0.0",
        "min-dom": "^4.0.2",
        "object-refs": "^0.3.0",
        "path-intersection": "^2.2.1",
        "tiny-svg": "^3.0.0"
      }
    },
    "diagram-js-direct-editing": {
      "version": "2.0.0",
      "resolved": "https://registry.npmmirror.com/diagram-js-direct-editing/-/diagram-js-direct-editing-2.0.0.tgz",
      "integrity": "sha512-/12OWL0B0RMCfaT1w3723c729MD42r5fay4wtm2DvxNFNBMdPaEvOHCTA/khLKjFzOzMVKxSzbAp7IEwBGonVw==",
      "requires": {
        "min-dash": "^4.0.0",
        "min-dom": "^4.0.2"
      }
    },
    "didi": {
      "version": "9.0.0",
      "resolved": "https://registry.npmmirror.com/didi/-/didi-9.0.0.tgz",
      "integrity": "sha512-bOZ7WAah3t8TxKV81pbIivHjWyABot49YXG1M3QztnUlZDHz3MRNJ1nZO87JbqrkqNI/2GR4ncHfXdGIP9LX+w=="
    },
    "domify": {
      "version": "1.4.1",
      "resolved": "https://registry.npmmirror.com/domify/-/domify-1.4.1.tgz",
      "integrity": "sha512-x18nuiDHMCZGXr4KJSRMf/TWYtiaRo6RX8KN9fEbW54mvbQ6pieUuerC2ahBg+kEp1wycFj8MPUI0WkIOw5E9w=="
    },
    "hammerjs": {
      "version": "2.0.8",
      "resolved": "https://registry.npmmirror.com/hammerjs/-/hammerjs-2.0.8.tgz",
      "integrity": "sha512-tSQXBXS/MWQOn/RKckawJ61vvsDpCom87JgxiYdGwHdOa0ht0vzUWDlfioofFCRU0L+6NGDt6XzbgoJvZkMeRQ=="
    },
    "ids": {
      "version": "1.0.0",
      "resolved": "https://registry.npmmirror.com/ids/-/ids-1.0.0.tgz",
      "integrity": "sha512-Zvtq1xUto4LttpstyOlFum8lKx+i1OmRfg+6A9drFS9iSZsDPMHG4Sof/qwNR4kCU7jBeWFPrY2ocHxiz7cCRw=="
    },
    "inherits-browser": {
      "version": "0.1.0",
      "resolved": "https://registry.npmmirror.com/inherits-browser/-/inherits-browser-0.1.0.tgz",
      "integrity": "sha512-CJHHvW3jQ6q7lzsXPpapLdMx5hDpSF3FSh45pwsj6bKxJJ8Nl8v43i5yXnr3BdfOimGHKyniewQtnAIp3vyJJw=="
    },
    "min-dash": {
      "version": "4.0.0",
      "resolved": "https://registry.npmmirror.com/min-dash/-/min-dash-4.0.0.tgz",
      "integrity": "sha512-piIvVJ/nxuA4+LpnYIzF6oCtRvdtDvQJteSC+H768H2UvPKFKIt5oiJnUVtr0ZdchneXTcvUZ91vIrvWVIN0AA=="
    },
    "min-dom": {
      "version": "4.0.3",
      "resolved": "https://registry.npmmirror.com/min-dom/-/min-dom-4.0.3.tgz",
      "integrity": "sha512-5zQyCMe8rtGiDIRjfGeqnF2YPJ7OAPFdJQeC7MakHais3dh4VG4PV2a0FacziKTzJjYK5qnPKm2sq1wSXB1wTQ==",
      "requires": {
        "component-event": "^0.1.4",
        "domify": "^1.4.1",
        "min-dash": "^4.0.0"
      }
    },
    "moddle": {
      "version": "6.0.0",
      "resolved": "https://registry.npmmirror.com/moddle/-/moddle-6.0.0.tgz",
      "integrity": "sha512-dHYSJpGV0R0X8cJeWWUnE0VqCA0SFP0jZYQtO23EdsBk+MpAgSpdhXadYR6WbHElKroB6XTbifpsWro26UlP6Q==",
      "requires": {
        "min-dash": "^4.0.0"
      }
    },
    "moddle-xml": {
      "version": "10.0.0",
      "resolved": "https://registry.npmmirror.com/moddle-xml/-/moddle-xml-10.0.0.tgz",
      "integrity": "sha512-e5qG0uC9ebHXInLEKW9pZNqcAK7ALCOKmcLw8jmepBPY9BiUZFi+8Th/Cydog3S1rrUXyyo0pqaHaCvc1zt6VA==",
      "requires": {
        "min-dash": "^4.0.0",
        "moddle": "^6.0.0",
        "saxen": "^8.1.2"
      }
    },
    "object-refs": {
      "version": "0.3.0",
      "resolved": "https://registry.npmmirror.com/object-refs/-/object-refs-0.3.0.tgz",
      "integrity": "sha512-eP0ywuoWOaDoiake/6kTJlPJhs+k0qNm4nYRzXLNHj6vh+5M3i9R1epJTdxIPGlhWc4fNRQ7a6XJNCX+/L4FOQ=="
    },
    "path-intersection": {
      "version": "2.2.1",
      "resolved": "https://registry.npmmirror.com/path-intersection/-/path-intersection-2.2.1.tgz",
      "integrity": "sha512-9u8xvMcSfuOiStv9bPdnRJQhGQXLKurew94n4GPQCdH1nj9QKC9ObbNoIpiRq8skiOBxKkt277PgOoFgAt3/rA=="
    },
    "saxen": {
      "version": "8.1.2",
      "resolved": "https://registry.npmmirror.com/saxen/-/saxen-8.1.2.tgz",
      "integrity": "sha512-xUOiiFbc3Ow7p8KMxwsGICPx46ZQvy3+qfNVhrkwfz3Vvq45eGt98Ft5IQaA1R/7Tb5B5MKh9fUR9x3c3nDTxw=="
    },
    "tiny-svg": {
      "version": "3.0.0",
      "resolved": "https://registry.npmmirror.com/tiny-svg/-/tiny-svg-3.0.0.tgz",
      "integrity": "sha512-+u6VomQO7MbI7CQe5q1IwNePpbVKG/HVdUQBmaEpSCdP/QmeyjhrS6WKFsNetXlvf9LWu/f5woRqjMdxBMe/0w=="
    }
  }
}
